
Microsoft Visual Studio Solution File, Format Version 12.00
# Visual Studio Version 16
VisualStudioVersion = 25.0.1706.14
MinimumVisualStudioVersion = 10.0.40219.1
Project("{FAE04EC0-301F-11D3-BF4B-00C04F79EFBC}") = "lab3", "lab3\lab3.csproj", "{797A66FC-E2C4-425F-A452-301014FA2A03}"
EndProject
Project("{FAE04EC0-301F-11D3-BF4B-00C04F79EFBC}") = "lab4", "..\lab_4\lab4.csproj", "{C3196214-15F6-4490-8216-B28BCF62A03B}"
EndProject
Project("{FAE04EC0-301F-11D3-BF4B-00C04F79EFBC}") = "lab5", "..\lab_5\lab5.csproj", "{9C2F4F3D-5BC1-46AD-A860-21CF7FE211BD}"
EndProject
Project("{FAE04EC0-301F-11D3-BF4B-00C04F79EFBC}") = "lab6", "..\lab6\lab6.csproj", "{ED1CAE0B-07A2-48C2-9B31-58125535BD29}"
EndProject
Project("{FAE04EC0-301F-11D3-BF4B-00C04F79EFBC}") = "lab7", "..\lab7\lab7.csproj", "{4DDEE36E-6B2F-4D84-A77C-2753C08E4C1F}"
EndProject
Project("{FAE04EC0-301F-11D3-BF4B-00C04F79EFBC}") = "lab8", "..\lab8\lab8.csproj", "{1166BC93-A7D4-497E-922E-B992EC3277EA}"
EndProject
Project("{FAE04EC0-301F-11D3-BF4B-00C04F79EFBC}") = "lab9", "..\lab9\lab9.csproj", "{19212F78-2467-4D20-952D-7DAF9C0BC916}"
EndProject
Project("{FAE04EC0-301F-11D3-BF4B-00C04F79EFBC}") = "lab10", "..\lab10\lab10.csproj", "{680D9D6F-3DE5-4D3D-84AF-A9E1042CF061}"
EndProject
Project("{FAE04EC0-301F-11D3-BF4B-00C04F79EFBC}") = "lab11", "..\lab11\lab11.csproj", "{4EAE6942-B692-477C-A055-44474B83CA8F}"
EndProject
Project("{FAE04EC0-301F-11D3-BF4B-00C04F79EFBC}") = "lab12", "..\lab12\lab12.csproj", "{AB206EFA-F1AF-4E4F-904F-52C1A38AC9B2}"
EndProject
Project("{FAE04EC0-301F-11D3-BF4B-00C04F79EFBC}") = "lab13", "..\lab13\lab13.csproj", "{47E13AA7-B4F4-41FC-A17C-012C723EF00B}"
EndProject
Project("{FAE04EC0-301F-11D3-BF4B-00C04F79EFBC}") = "lab14", "..\lab14\lab14.csproj", "{C6823CF0-1465-4564-891A-1ECCDE92CF28}"
EndProject
Project("{FAE04EC0-301F-11D3-BF4B-00C04F79EFBC}") = "lab15", "..\lab15\lab15.csproj", "{A550A13D-CCDF-41AD-8BA3-2987CE1F4BC1}"
EndProject
Project("{FAE04EC0-301F-11D3-BF4B-00C04F79EFBC}") = "lab16", "..\lab16\lab16.csproj", "{71DFE6D1-65AD-4F46-BDF4-22007F9C3D90}"
EndProject
Project("{FAE04EC0-301F-11D3-BF4B-00C04F79EFBC}") = "lab17", "..\lab17\lab17.csproj", "{3441DE20-748E-4299-B712-C5FD95AEE00D}"
EndProject
Project("{FAE04EC0-301F-11D3-BF4B-00C04F79EFBC}") = "lab18", "..\lab18\lab18.csproj", "{8464DADE-FDEF-40EA-BA5A-D8E1115CF81C}"
EndProject
Project("{FAE04EC0-301F-11D3-BF4B-00C04F79EFBC}") = "lab19", "..\lab19\lab19.csproj", "{9A1CA966-AAED-46B2-94B6-3B98C1BC5427}"
EndProject
Project("{FAE04EC0-301F-11D3-BF4B-00C04F79EFBC}") = "lab20", "..\lab20\lab20.csproj", "{CF823FBE-1703-4E73-8E22-E421E6EF2763}"
EndProject
Project("{FAE04EC0-301F-11D3-BF4B-00C04F79EFBC}") = "lab21", "..\lab21\lab21.csproj", "{268AB396-C2F1-4018-9F99-19CAD28A4D1C}"
EndProject
Project("{FAE04EC0-301F-11D3-BF4B-00C04F79EFBC}") = "lab22", "..\lab22\lab22.csproj", "{7888566A-0BA7-4091-885B-3BDCDC9D440B}"
EndProject
Project("{FAE04EC0-301F-11D3-BF4B-00C04F79EFBC}") = "lab23", "..\lab23\lab23.csproj", "{007AD68B-7848-4D34-AA28-473711E90EBF}"
EndProject
Project("{FAE04EC0-301F-11D3-BF4B-00C04F79EFBC}") = "lab24", "..\lab24\lab24.csproj", "{5823AF21-8A55-42BE-AA2A-B2961191999B}"
EndProject
Project("{FAE04EC0-301F-11D3-BF4B-00C04F79EFBC}") = "lab25", "..\lab25\lab25.csproj", "{A91EE209-B5D1-4549-9E52-632CA4E6F622}"
EndProject
Global
	GlobalSection(SolutionConfigurationPlatforms) = preSolution
		Debug|Any CPU = Debug|Any CPU
		Release|Any CPU = Release|Any CPU
	EndGlobalSection
	GlobalSection(ProjectConfigurationPlatforms) = postSolution
		{797A66FC-E2C4-425F-A452-301014FA2A03}.Debug|Any CPU.ActiveCfg = Debug|Any CPU
		{797A66FC-E2C4-425F-A452-301014FA2A03}.Debug|Any CPU.Build.0 = Debug|Any CPU
		{797A66FC-E2C4-425F-A452-301014FA2A03}.Release|Any CPU.ActiveCfg = Release|Any CPU
		{797A66FC-E2C4-425F-A452-301014FA2A03}.Release|Any CPU.Build.0 = Release|Any CPU
		{C3196214-15F6-4490-8216-B28BCF62A03B}.Debug|Any CPU.ActiveCfg = Debug|Any CPU
		{C3196214-15F6-4490-8216-B28BCF62A03B}.Debug|Any CPU.Build.0 = Debug|Any CPU
		{C3196214-15F6-4490-8216-B28BCF62A03B}.Release|Any CPU.ActiveCfg = Release|Any CPU
		{C3196214-15F6-4490-8216-B28BCF62A03B}.Release|Any CPU.Build.0 = Release|Any CPU
		{9C2F4F3D-5BC1-46AD-A860-21CF7FE211BD}.Debug|Any CPU.ActiveCfg = Debug|Any CPU
		{9C2F4F3D-5BC1-46AD-A860-21CF7FE211BD}.Debug|Any CPU.Build.0 = Debug|Any CPU
		{9C2F4F3D-5BC1-46AD-A860-21CF7FE211BD}.Release|Any CPU.ActiveCfg = Release|Any CPU
		{9C2F4F3D-5BC1-46AD-A860-21CF7FE211BD}.Release|Any CPU.Build.0 = Release|Any CPU
		{ED1CAE0B-07A2-48C2-9B31-58125535BD29}.Debug|Any CPU.ActiveCfg = Debug|Any CPU
		{ED1CAE0B-07A2-48C2-9B31-58125535BD29}.Debug|Any CPU.Build.0 = Debug|Any CPU
		{ED1CAE0B-07A2-48C2-9B31-58125535BD29}.Release|Any CPU.ActiveCfg = Release|Any CPU
		{ED1CAE0B-07A2-48C2-9B31-58125535BD29}.Release|Any CPU.Build.0 = Release|Any CPU
		{4DDEE36E-6B2F-4D84-A77C-2753C08E4C1F}.Debug|Any CPU.ActiveCfg = Debug|Any CPU
		{4DDEE36E-6B2F-4D84-A77C-2753C08E4C1F}.Debug|Any CPU.Build.0 = Debug|Any CPU
		{4DDEE36E-6B2F-4D84-A77C-2753C08E4C1F}.Release|Any CPU.ActiveCfg = Release|Any CPU
		{4DDEE36E-6B2F-4D84-A77C-2753C08E4C1F}.Release|Any CPU.Build.0 = Release|Any CPU
		{1166BC93-A7D4-497E-922E-B992EC3277EA}.Debug|Any CPU.ActiveCfg = Debug|Any CPU
		{1166BC93-A7D4-497E-922E-B992EC3277EA}.Debug|Any CPU.Build.0 = Debug|Any CPU
		{1166BC93-A7D4-497E-922E-B992EC3277EA}.Release|Any CPU.ActiveCfg = Release|Any CPU
		{1166BC93-A7D4-497E-922E-B992EC3277EA}.Release|Any CPU.Build.0 = Release|Any CPU
		{19212F78-2467-4D20-952D-7DAF9C0BC916}.Debug|Any CPU.ActiveCfg = Debug|Any CPU
		{19212F78-2467-4D20-952D-7DAF9C0BC916}.Debug|Any CPU.Build.0 = Debug|Any CPU
		{19212F78-2467-4D20-952D-7DAF9C0BC916}.Release|Any CPU.ActiveCfg = Release|Any CPU
		{19212F78-2467-4D20-952D-7DAF9C0BC916}.Release|Any CPU.Build.0 = Release|Any CPU
		{680D9D6F-3DE5-4D3D-84AF-A9E1042CF061}.Debug|Any CPU.ActiveCfg = Debug|Any CPU
		{680D9D6F-3DE5-4D3D-84AF-A9E1042CF061}.Debug|Any CPU.Build.0 = Debug|Any CPU
		{680D9D6F-3DE5-4D3D-84AF-A9E1042CF061}.Release|Any CPU.ActiveCfg = Release|Any CPU
		{680D9D6F-3DE5-4D3D-84AF-A9E1042CF061}.Release|Any CPU.Build.0 = Release|Any CPU
		{4EAE6942-B692-477C-A055-44474B83CA8F}.Debug|Any CPU.ActiveCfg = Debug|Any CPU
		{4EAE6942-B692-477C-A055-44474B83CA8F}.Debug|Any CPU.Build.0 = Debug|Any CPU
		{4EAE6942-B692-477C-A055-44474B83CA8F}.Release|Any CPU.ActiveCfg = Release|Any CPU
		{4EAE6942-B692-477C-A055-44474B83CA8F}.Release|Any CPU.Build.0 = Release|Any CPU
		{AB206EFA-F1AF-4E4F-904F-52C1A38AC9B2}.Debug|Any CPU.ActiveCfg = Debug|Any CPU
		{AB206EFA-F1AF-4E4F-904F-52C1A38AC9B2}.Debug|Any CPU.Build.0 = Debug|Any CPU
		{AB206EFA-F1AF-4E4F-904F-52C1A38AC9B2}.Release|Any CPU.ActiveCfg = Release|Any CPU
		{AB206EFA-F1AF-4E4F-904F-52C1A38AC9B2}.Release|Any CPU.Build.0 = Release|Any CPU
		{47E13AA7-B4F4-41FC-A17C-012C723EF00B}.Debug|Any CPU.ActiveCfg = Debug|Any CPU
		{47E13AA7-B4F4-41FC-A17C-012C723EF00B}.Debug|Any CPU.Build.0 = Debug|Any CPU
		{47E13AA7-B4F4-41FC-A17C-012C723EF00B}.Release|Any CPU.ActiveCfg = Release|Any CPU
		{47E13AA7-B4F4-41FC-A17C-012C723EF00B}.Release|Any CPU.Build.0 = Release|Any CPU
		{C6823CF0-1465-4564-891A-1ECCDE92CF28}.Debug|Any CPU.ActiveCfg = Debug|Any CPU
		{C6823CF0-1465-4564-891A-1ECCDE92CF28}.Debug|Any CPU.Build.0 = Debug|Any CPU
		{C6823CF0-1465-4564-891A-1ECCDE92CF28}.Release|Any CPU.ActiveCfg = Release|Any CPU
		{C6823CF0-1465-4564-891A-1ECCDE92CF28}.Release|Any CPU.Build.0 = Release|Any CPU
		{A550A13D-CCDF-41AD-8BA3-2987CE1F4BC1}.Debug|Any CPU.ActiveCfg = Debug|Any CPU
		{A550A13D-CCDF-41AD-8BA3-2987CE1F4BC1}.Debug|Any CPU.Build.0 = Debug|Any CPU
		{A550A13D-CCDF-41AD-8BA3-2987CE1F4BC1}.Release|Any CPU.ActiveCfg = Release|Any CPU
		{A550A13D-CCDF-41AD-8BA3-2987CE1F4BC1}.Release|Any CPU.Build.0 = Release|Any CPU
		{71DFE6D1-65AD-4F46-BDF4-22007F9C3D90}.Debug|Any CPU.ActiveCfg = Debug|Any CPU
		{71DFE6D1-65AD-4F46-BDF4-22007F9C3D90}.Debug|Any CPU.Build.0 = Debug|Any CPU
		{71DFE6D1-65AD-4F46-BDF4-22007F9C3D90}.Release|Any CPU.ActiveCfg = Release|Any CPU
		{71DFE6D1-65AD-4F46-BDF4-22007F9C3D90}.Release|Any CPU.Build.0 = Release|Any CPU
		{3441DE20-748E-4299-B712-C5FD95AEE00D}.Debug|Any CPU.ActiveCfg = Debug|Any CPU
		{3441DE20-748E-4299-B712-C5FD95AEE00D}.Debug|Any CPU.Build.0 = Debug|Any CPU
		{3441DE20-748E-4299-B712-C5FD95AEE00D}.Release|Any CPU.ActiveCfg = Release|Any CPU
		{3441DE20-748E-4299-B712-C5FD95AEE00D}.Release|Any CPU.Build.0 = Release|Any CPU
		{8464DADE-FDEF-40EA-BA5A-D8E1115CF81C}.Debug|Any CPU.ActiveCfg = Debug|Any CPU
		{8464DADE-FDEF-40EA-BA5A-D8E1115CF81C}.Debug|Any CPU.Build.0 = Debug|Any CPU
		{8464DADE-FDEF-40EA-BA5A-D8E1115CF81C}.Release|Any CPU.ActiveCfg = Release|Any CPU
		{8464DADE-FDEF-40EA-BA5A-D8E1115CF81C}.Release|Any CPU.Build.0 = Release|Any CPU
		{9A1CA966-AAED-46B2-94B6-3B98C1BC5427}.Debug|Any CPU.ActiveCfg = Debug|Any CPU
		{9A1CA966-AAED-46B2-94B6-3B98C1BC5427}.Debug|Any CPU.Build.0 = Debug|Any CPU
		{9A1CA966-AAED-46B2-94B6-3B98C1BC5427}.Release|Any CPU.ActiveCfg = Release|Any CPU
		{9A1CA966-AAED-46B2-94B6-3B98C1BC5427}.Release|Any CPU.Build.0 = Release|Any CPU
		{CF823FBE-1703-4E73-8E22-E421E6EF2763}.Debug|Any CPU.ActiveCfg = Debug|Any CPU
		{CF823FBE-1703-4E73-8E22-E421E6EF2763}.Debug|Any CPU.Build.0 = Debug|Any CPU
		{CF823FBE-1703-4E73-8E22-E421E6EF2763}.Release|Any CPU.ActiveCfg = Release|Any CPU
		{CF823FBE-1703-4E73-8E22-E421E6EF2763}.Release|Any CPU.Build.0 = Release|Any CPU
		{268AB396-C2F1-4018-9F99-19CAD28A4D1C}.Debug|Any CPU.ActiveCfg = Debug|Any CPU
		{268AB396-C2F1-4018-9F99-19CAD28A4D1C}.Debug|Any CPU.Build.0 = Debug|Any CPU
		{268AB396-C2F1-4018-9F99-19CAD28A4D1C}.Release|Any CPU.ActiveCfg = Release|Any CPU
		{268AB396-C2F1-4018-9F99-19CAD28A4D1C}.Release|Any CPU.Build.0 = Release|Any CPU
		{7888566A-0BA7-4091-885B-3BDCDC9D440B}.Debug|Any CPU.ActiveCfg = Debug|Any CPU
		{7888566A-0BA7-4091-885B-3BDCDC9D440B}.Debug|Any CPU.Build.0 = Debug|Any CPU
		{7888566A-0BA7-4091-885B-3BDCDC9D440B}.Release|Any CPU.ActiveCfg = Release|Any CPU
		{7888566A-0BA7-4091-885B-3BDCDC9D440B}.Release|Any CPU.Build.0 = Release|Any CPU
		{007AD68B-7848-4D34-AA28-473711E90EBF}.Debug|Any CPU.ActiveCfg = Debug|Any CPU
		{007AD68B-7848-4D34-AA28-473711E90EBF}.Debug|Any CPU.Build.0 = Debug|Any CPU
		{007AD68B-7848-4D34-AA28-473711E90EBF}.Release|Any CPU.ActiveCfg = Release|Any CPU
		{007AD68B-7848-4D34-AA28-473711E90EBF}.Release|Any CPU.Build.0 = Release|Any CPU
		{5823AF21-8A55-42BE-AA2A-B2961191999B}.Debug|Any CPU.ActiveCfg = Debug|Any CPU
		{5823AF21-8A55-42BE-AA2A-B2961191999B}.Debug|Any CPU.Build.0 = Debug|Any CPU
		{5823AF21-8A55-42BE-AA2A-B2961191999B}.Release|Any CPU.ActiveCfg = Release|Any CPU
		{5823AF21-8A55-42BE-AA2A-B2961191999B}.Release|Any CPU.Build.0 = Release|Any CPU
		{A91EE209-B5D1-4549-9E52-632CA4E6F622}.Debug|Any CPU.ActiveCfg = Debug|Any CPU
		{A91EE209-B5D1-4549-9E52-632CA4E6F622}.Debug|Any CPU.Build.0 = Debug|Any CPU
		{A91EE209-B5D1-4549-9E52-632CA4E6F622}.Release|Any CPU.ActiveCfg = Release|Any CPU
		{A91EE209-B5D1-4549-9E52-632CA4E6F622}.Release|Any CPU.Build.0 = Release|Any CPU
	EndGlobalSection
	GlobalSection(SolutionProperties) = preSolution
		HideSolutionNode = FALSE
	EndGlobalSection
	GlobalSection(ExtensibilityGlobals) = postSolution
		SolutionGuid = {1996E5F5-3163-4AA2-B544-2CC39EEE995E}
	EndGlobalSection
EndGlobal
